
Microsoft Visual Studio Solution File, Format Version 12.00
# Visual Studio Version 17
VisualStudioVersion = 17.10.35122.118
MinimumVisualStudioVersion = 10.0.40219.1
Project("{FAE04EC0-301F-11D3-BF4B-00C04F79EFBC}") = "FIT5032_MyCodeFirst", "FIT5032_MyCodeFirst\FIT5032_MyCodeFirst.csproj", "{2721A1AD-8613-4DA5-90D0-A98A82838B15}"
EndProject
Global
	GlobalSection(SolutionConfigurationPlatforms) = preSolution
		Debug|Any CPU = Debug|Any CPU
		Release|Any CPU = Release|Any CPU
	EndGlobalSection
	GlobalSection(ProjectConfigurationPlatforms) = postSolution
		{2721A1AD-8613-4DA5-90D0-A98A82838B15}.Debug|Any CPU.ActiveCfg = Debug|Any CPU
		{2721A1AD-8613-4DA5-90D0-A98A82838B15}.Debug|Any CPU.Build.0 = Debug|Any CPU
		{2721A1AD-8613-4DA5-90D0-A98A82838B15}.Release|Any CPU.ActiveCfg = Release|Any CPU
		{2721A1AD-8613-4DA5-90D0-A98A82838B15}.Release|Any CPU.Build.0 = Release|Any CPU
	EndGlobalSection
	GlobalSection(SolutionProperties) = preSolution
		HideSolutionNode = FALSE
	EndGlobalSection
	GlobalSection(ExtensibilityGlobals) = postSolution
		SolutionGuid = {3539B50D-2B0E-4766-8985-A233195E9B7D}
	EndGlobalSection
EndGlobal
